{
  "name": "x11-dri",
  "version": "0.0.0",
  "lockfileVersion": 3,
  "requires": true,
  "packages": {
    "": {
      "name": "x11-dri",
      "version": "0.0.0",
      "hasInstallScript": true,
      "license": "MIT",
      "os": [
        "linux"
      ],
      "engines": {
        "node": ">=18"
      }
    }
  }
}
